
Microsoft Visual Studio Solution File, Format Version 12.00
# Visual Studio Version 17
VisualStudioVersion = 17.4.33213.308
MinimumVisualStudioVersion = 10.0.40219.1
Project("{2150E333-8FDC-42A3-9474-1A3956D46DE8}") = "Stack Implementation", "Stack Implementation", "{41932A74-98FA-4E66-A9D7-DE18B9273910}"
EndProject
Project("{FAE04EC0-301F-11D3-BF4B-00C04F79EFBC}") = "Stack_Implementation", "Stack_Implementation\Stack_Implementation.csproj", "{03C16776-CB9E-41FE-8792-986EEB35A118}"
EndProject
Project("{2150E333-8FDC-42A3-9474-1A3956D46DE8}") = "Queue Implementation", "Queue Implementation", "{05961AF4-1F74-444C-9393-449A7C85BA4D}"
EndProject
Project("{FAE04EC0-301F-11D3-BF4B-00C04F79EFBC}") = "Queue_Implementation", "Queue_Implementation\Queue_Implementation.csproj", "{E8F84106-452A-43C0-B50A-5D5496447199}"
EndProject
Global
	GlobalSection(SolutionConfigurationPlatforms) = preSolution
		Debug|Any CPU = Debug|Any CPU
		Release|Any CPU = Release|Any CPU
	EndGlobalSection
	GlobalSection(ProjectConfigurationPlatforms) = postSolution
		{03C16776-CB9E-41FE-8792-986EEB35A118}.Debug|Any CPU.ActiveCfg = Debug|Any CPU
		{03C16776-CB9E-41FE-8792-986EEB35A118}.Debug|Any CPU.Build.0 = Debug|Any CPU
		{03C16776-CB9E-41FE-8792-986EEB35A118}.Release|Any CPU.ActiveCfg = Release|Any CPU
		{03C16776-CB9E-41FE-8792-986EEB35A118}.Release|Any CPU.Build.0 = Release|Any CPU
		{E8F84106-452A-43C0-B50A-5D5496447199}.Debug|Any CPU.ActiveCfg = Debug|Any CPU
		{E8F84106-452A-43C0-B50A-5D5496447199}.Debug|Any CPU.Build.0 = Debug|Any CPU
		{E8F84106-452A-43C0-B50A-5D5496447199}.Release|Any CPU.ActiveCfg = Release|Any CPU
		{E8F84106-452A-43C0-B50A-5D5496447199}.Release|Any CPU.Build.0 = Release|Any CPU
	EndGlobalSection
	GlobalSection(SolutionProperties) = preSolution
		HideSolutionNode = FALSE
	EndGlobalSection
	GlobalSection(NestedProjects) = preSolution
		{03C16776-CB9E-41FE-8792-986EEB35A118} = {41932A74-98FA-4E66-A9D7-DE18B9273910}
		{05961AF4-1F74-444C-9393-449A7C85BA4D} = {41932A74-98FA-4E66-A9D7-DE18B9273910}
		{E8F84106-452A-43C0-B50A-5D5496447199} = {05961AF4-1F74-444C-9393-449A7C85BA4D}
	EndGlobalSection
	GlobalSection(ExtensibilityGlobals) = postSolution
		SolutionGuid = {BEB66DDC-A797-4DE6-BBC9-66538AA0F69F}
	EndGlobalSection
EndGlobal
